<Solution>
  <Folder Name="/Solution Items/">
    <File Path="../Analysis.md" />
    <File Path="../Architecture.md" />
    <File Path="../README.md" />
  </Folder>
  <Folder Name="/Samples/">
    <Project Path="Samples/TodoApp/TodoApp.csproj" />
  </Folder>
  <Project Path="LottaDB.Tests/LottaDB.Tests.csproj" Id="8068fd34-450f-41f2-9c0e-f39330c38af3" />
  <Project Path="LottaDB/LottaDB.csproj" Id="09a3fe38-05b1-48a6-90b9-689077d56a36" />
</Solution>
